// !$*UTF8*$!
{
	archiveVersion = 1;
	classes = {
	};
	objectVersion = 46;
	objects = {

/* Begin PBXBuildFile section */
		DD2AE2171C69CC1C00C8872F /* main.m in Sources */ = {isa = PBXBuildFile; fileRef = DD2AE2161C69CC1C00C8872F /* main.m */; };
		DD2AE21A1C69CC1C00C8872F /* AppDelegate.m in Sources */ = {isa = PBXBuildFile; fileRef = DD2AE2191C69CC1C00C8872F /* AppDelegate.m */; };
		DD2AE2201C69CC1C00C8872F /* Main.storyboard in Resources */ = {isa = PBXBuildFile; fileRef = DD2AE21E1C69CC1C00C8872F /* Main.storyboard */; };
		DD2AE2231C69CC1C00C8872F /* TheDays.xcdatamodeld in Sources */ = {isa = PBXBuildFile; fileRef = DD2AE2211C69CC1C00C8872F /* TheDays.xcdatamodeld */; };
		DD2AE2251C69CC1C00C8872F /* Image.xcassets in Resources */ = {isa = PBXBuildFile; fileRef = DD2AE2241C69CC1C00C8872F /* Image.xcassets */; };
		DD2AE2281C69CC1C00C8872F /* LaunchScreen.storyboard in Resources */ = {isa = PBXBuildFile; fileRef = DD2AE2261C69CC1C00C8872F /* LaunchScreen.storyboard */; };
		DD2AE2331C69CC1D00C8872F /* TheDaysTests.m in Sources */ = {isa = PBXBuildFile; fileRef = DD2AE2321C69CC1D00C8872F /* TheDaysTests.m */; };
		DD2AE23E1C69CC1D00C8872F /* TheDaysUITests.m in Sources */ = {isa = PBXBuildFile; fileRef = DD2AE23D1C69CC1D00C8872F /* TheDaysUITests.m */; };
		DD30F28C1C8473BE000E32EE /* CoreData.framework in Frameworks */ = {isa = PBXBuildFile; fileRef = DD30F28B1C8473BE000E32EE /* CoreData.framework */; };
		DD30F2941C8A9D3E000E32EE /* AboutMeViewController.m in Sources */ = {isa = PBXBuildFile; fileRef = DD30F2931C8A9D3E000E32EE /* AboutMeViewController.m */; };
		DD30F2961C8AA37B000E32EE /* Foundation.framework in Frameworks */ = {isa = PBXBuildFile; fileRef = DD30F2951C8AA37B000E32EE /* Foundation.framework */; };
		DD30F2981C8AA390000E32EE /* CoreGraphics.framework in Frameworks */ = {isa = PBXBuildFile; fileRef = DD30F2971C8AA390000E32EE /* CoreGraphics.framework */; };
		DD30F29A1C8AA39F000E32EE /* MessageUI.framework in Frameworks */ = {isa = PBXBuildFile; fileRef = DD30F2991C8AA39F000E32EE /* MessageUI.framework */; };
		DD30F2A51C8AD49A000E32EE /* MBProgressHUD+MJ.m in Sources */ = {isa = PBXBuildFile; fileRef = DD30F2A11C8AD49A000E32EE /* MBProgressHUD+MJ.m */; };
		DD30F2A61C8AD49A000E32EE /* MBProgressHUD.bundle in Resources */ = {isa = PBXBuildFile; fileRef = DD30F2A21C8AD49A000E32EE /* MBProgressHUD.bundle */; };
		DD30F2A71C8AD49A000E32EE /* MBProgressHUD.m in Sources */ = {isa = PBXBuildFile; fileRef = DD30F2A41C8AD49A000E32EE /* MBProgressHUD.m */; };
		DD30F2B81C8C5943000E32EE /* DiaryEntry.m in Sources */ = {isa = PBXBuildFile; fileRef = DD30F2B61C8C5943000E32EE /* DiaryEntry.m */; };
		DD30F2BB1C8C6562000E32EE /* ListTableViewController.m in Sources */ = {isa = PBXBuildFile; fileRef = DD30F2BA1C8C6562000E32EE /* ListTableViewController.m */; };
		DD30F2BE1C8C6716000E32EE /* DiaryCoreDataStack.m in Sources */ = {isa = PBXBuildFile; fileRef = DD30F2BD1C8C6716000E32EE /* DiaryCoreDataStack.m */; };
		DD30F2C11C8C6892000E32EE /* TimeLineCell.m in Sources */ = {isa = PBXBuildFile; fileRef = DD30F2C01C8C6892000E32EE /* TimeLineCell.m */; };
		DD30F2D21C9A862C000E32EE /* VLDContextSheet.m in Sources */ = {isa = PBXBuildFile; fileRef = DD30F2CD1C9A862C000E32EE /* VLDContextSheet.m */; };
		DD30F2D31C9A862C000E32EE /* VLDContextSheetItem.m in Sources */ = {isa = PBXBuildFile; fileRef = DD30F2CF1C9A862C000E32EE /* VLDContextSheetItem.m */; };
		DD30F2D41C9A862C000E32EE /* VLDContextSheetItemView.m in Sources */ = {isa = PBXBuildFile; fileRef = DD30F2D11C9A862C000E32EE /* VLDContextSheetItemView.m */; };
		DD30F2D61C9A8CC5000E32EE /* UIKit.framework in Frameworks */ = {isa = PBXBuildFile; fileRef = DD30F2D51C9A8CC5000E32EE /* UIKit.framework */; };
		DD9BAA0A1C83FDC3004BAA2B /* TextEditViewController.m in Sources */ = {isa = PBXBuildFile; fileRef = DD9BAA091C83FDC3004BAA2B /* TextEditViewController.m */; };
		DD9BAA101C8400F9004BAA2B /* RecommendPageViewController.m in Sources */ = {isa = PBXBuildFile; fileRef = DD9BAA0F1C8400F9004BAA2B /* RecommendPageViewController.m */; };
		FEE1FDA646AA59D1A41DA7A5 /* libPods.a in Frameworks */ = {isa = PBXBuildFile; fileRef = 46CC5D588E3D54AD7F9B6C1F /* libPods.a */; };
/* End PBXBuildFile section */

/* Begin PBXContainerItemProxy section */
		DD2AE22F1C69CC1D00C8872F /* PBXContainerItemProxy */ = {
			isa = PBXContainerItemProxy;
			containerPortal = DD2AE20A1C69CC1C00C8872F /* Project object */;
			proxyType = 1;
			remoteGlobalIDString = DD2AE2111C69CC1C00C8872F;
			remoteInfo = TheDays;
		};
		DD2AE23A1C69CC1D00C8872F /* PBXContainerItemProxy */ = {
			isa = PBXContainerItemProxy;
			containerPortal = DD2AE20A1C69CC1C00C8872F /* Project object */;
			proxyType = 1;
			remoteGlobalIDString = DD2AE2111C69CC1C00C8872F;
			remoteInfo = TheDays;
		};
/* End PBXContainerItemProxy section */

/* Begin PBXFileReference section */
		46CC5D588E3D54AD7F9B6C1F /* libPods.a */ = {isa = PBXFileReference; explicitFileType = archive.ar; includeInIndex = 0; path = libPods.a; sourceTree = BUILT_PRODUCTS_DIR; };
		D65EF1017F7D99DE5B98E520 /* Pods.debug.xcconfig */ = {isa = PBXFileReference; includeInIndex = 1; lastKnownFileType = text.xcconfig; name = Pods.debug.xcconfig; path = "Pods/Target Support Files/Pods/Pods.debug.xcconfig"; sourceTree = "<group>"; };
		DD2AE2121C69CC1C00C8872F /* TheDays.app */ = {isa = PBXFileReference; explicitFileType = wrapper.application; includeInIndex = 0; path = TheDays.app; sourceTree = BUILT_PRODUCTS_DIR; };
		DD2AE2161C69CC1C00C8872F /* main.m */ = {isa = PBXFileReference; lastKnownFileType = sourcecode.c.objc; path = main.m; sourceTree = "<group>"; };
		DD2AE2181C69CC1C00C8872F /* AppDelegate.h */ = {isa = PBXFileReference; lastKnownFileType = sourcecode.c.h; path = AppDelegate.h; sourceTree = "<group>"; };
		DD2AE2191C69CC1C00C8872F /* AppDelegate.m */ = {isa = PBXFileReference; lastKnownFileType = sourcecode.c.objc; path = AppDelegate.m; sourceTree = "<group>"; };
		DD2AE21F1C69CC1C00C8872F /* Base */ = {isa = PBXFileReference; lastKnownFileType = file.storyboard; name = Base; path = Base.lproj/Main.storyboard; sourceTree = "<group>"; };
		DD2AE2221C69CC1C00C8872F /* TheDays.xcdatamodel */ = {isa = PBXFileReference; lastKnownFileType = wrapper.xcdatamodel; path = TheDays.xcdatamodel; sourceTree = "<group>"; };
		DD2AE2241C69CC1C00C8872F /* Image.xcassets */ = {isa = PBXFileReference; lastKnownFileType = folder.assetcatalog; path = Image.xcassets; sourceTree = "<group>"; };
		DD2AE2271C69CC1C00C8872F /* Base */ = {isa = PBXFileReference; lastKnownFileType = file.storyboard; name = Base; path = Base.lproj/LaunchScreen.storyboard; sourceTree = "<group>"; };
		DD2AE2291C69CC1C00C8872F /* Info.plist */ = {isa = PBXFileReference; lastKnownFileType = text.plist.xml; path = Info.plist; sourceTree = "<group>"; };
		DD2AE22E1C69CC1D00C8872F /* TheDaysTests.xctest */ = {isa = PBXFileReference; explicitFileType = wrapper.cfbundle; includeInIndex = 0; path = TheDaysTests.xctest; sourceTree = BUILT_PRODUCTS_DIR; };
		DD2AE2321C69CC1D00C8872F /* TheDaysTests.m */ = {isa = PBXFileReference; lastKnownFileType = sourcecode.c.objc; path = TheDaysTests.m; sourceTree = "<group>"; };
		DD2AE2341C69CC1D00C8872F /* Info.plist */ = {isa = PBXFileReference; lastKnownFileType = text.plist.xml; path = Info.plist; sourceTree = "<group>"; };
		DD2AE2391C69CC1D00C8872F /* TheDaysUITests.xctest */ = {isa = PBXFileReference; explicitFileType = wrapper.cfbundle; includeInIndex = 0; path = TheDaysUITests.xctest; sourceTree = BUILT_PRODUCTS_DIR; };
		DD2AE23D1C69CC1D00C8872F /* TheDaysUITests.m */ = {isa = PBXFileReference; lastKnownFileType = sourcecode.c.objc; path = TheDaysUITests.m; sourceTree = "<group>"; };
		DD2AE23F1C69CC1D00C8872F /* Info.plist */ = {isa = PBXFileReference; lastKnownFileType = text.plist.xml; path = Info.plist; sourceTree = "<group>"; };
		DD30F28B1C8473BE000E32EE /* CoreData.framework */ = {isa = PBXFileReference; lastKnownFileType = wrapper.framework; name = CoreData.framework; path = System/Library/Frameworks/CoreData.framework; sourceTree = SDKROOT; };
		DD30F2921C8A9D3E000E32EE /* AboutMeViewController.h */ = {isa = PBXFileReference; fileEncoding = 4; lastKnownFileType = sourcecode.c.h; path = AboutMeViewController.h; sourceTree = "<group>"; };
		DD30F2931C8A9D3E000E32EE /* AboutMeViewController.m */ = {isa = PBXFileReference; fileEncoding = 4; lastKnownFileType = sourcecode.c.objc; path = AboutMeViewController.m; sourceTree = "<group>"; };
		DD30F2951C8AA37B000E32EE /* Foundation.framework */ = {isa = PBXFileReference; lastKnownFileType = wrapper.framework; name = Foundation.framework; path = System/Library/Frameworks/Foundation.framework; sourceTree = SDKROOT; };
		DD30F2971C8AA390000E32EE /* CoreGraphics.framework */ = {isa = PBXFileReference; lastKnownFileType = wrapper.framework; name = CoreGraphics.framework; path = System/Library/Frameworks/CoreGraphics.framework; sourceTree = SDKROOT; };
		DD30F2991C8AA39F000E32EE /* MessageUI.framework */ = {isa = PBXFileReference; lastKnownFileType = wrapper.framework; name = MessageUI.framework; path = System/Library/Frameworks/MessageUI.framework; sourceTree = SDKROOT; };
		DD30F2A01C8AD49A000E32EE /* MBProgressHUD+MJ.h */ = {isa = PBXFileReference; fileEncoding = 4; lastKnownFileType = sourcecode.c.h; path = "MBProgressHUD+MJ.h"; sourceTree = "<group>"; };
		DD30F2A11C8AD49A000E32EE /* MBProgressHUD+MJ.m */ = {isa = PBXFileReference; fileEncoding = 4; lastKnownFileType = sourcecode.c.objc; path = "MBProgressHUD+MJ.m"; sourceTree = "<group>"; };
		DD30F2A21C8AD49A000E32EE /* MBProgressHUD.bundle */ = {isa = PBXFileReference; lastKnownFileType = "wrapper.plug-in"; path = MBProgressHUD.bundle; sourceTree = "<group>"; };
		DD30F2A31C8AD49A000E32EE /* MBProgressHUD.h */ = {isa = PBXFileReference; fileEncoding = 4; lastKnownFileType = sourcecode.c.h; path = MBProgressHUD.h; sourceTree = "<group>"; };
		DD30F2A41C8AD49A000E32EE /* MBProgressHUD.m */ = {isa = PBXFileReference; fileEncoding = 4; lastKnownFileType = sourcecode.c.objc; path = MBProgressHUD.m; sourceTree = "<group>"; };
		DD30F2B51C8C5943000E32EE /* DiaryEntry.h */ = {isa = PBXFileReference; fileEncoding = 4; lastKnownFileType = sourcecode.c.h; path = DiaryEntry.h; sourceTree = "<group>"; };
		DD30F2B61C8C5943000E32EE /* DiaryEntry.m */ = {isa = PBXFileReference; fileEncoding = 4; lastKnownFileType = sourcecode.c.objc; path = DiaryEntry.m; sourceTree = "<group>"; };
		DD30F2B91C8C6562000E32EE /* ListTableViewController.h */ = {isa = PBXFileReference; fileEncoding = 4; lastKnownFileType = sourcecode.c.h; path = ListTableViewController.h; sourceTree = "<group>"; };
		DD30F2BA1C8C6562000E32EE /* ListTableViewController.m */ = {isa = PBXFileReference; fileEncoding = 4; lastKnownFileType = sourcecode.c.objc; path = ListTableViewController.m; sourceTree = "<group>"; };
		DD30F2BC1C8C6716000E32EE /* DiaryCoreDataStack.h */ = {isa = PBXFileReference; fileEncoding = 4; lastKnownFileType = sourcecode.c.h; path = DiaryCoreDataStack.h; sourceTree = "<group>"; };
		DD30F2BD1C8C6716000E32EE /* DiaryCoreDataStack.m */ = {isa = PBXFileReference; fileEncoding = 4; lastKnownFileType = sourcecode.c.objc; path = DiaryCoreDataStack.m; sourceTree = "<group>"; };
		DD30F2BF1C8C6892000E32EE /* TimeLineCell.h */ = {isa = PBXFileReference; fileEncoding = 4; lastKnownFileType = sourcecode.c.h; path = TimeLineCell.h; sourceTree = "<group>"; };
		DD30F2C01C8C6892000E32EE /* TimeLineCell.m */ = {isa = PBXFileReference; fileEncoding = 4; lastKnownFileType = sourcecode.c.objc; path = TimeLineCell.m; sourceTree = "<group>"; };
		DD30F2CC1C9A862C000E32EE /* VLDContextSheet.h */ = {isa = PBXFileReference; fileEncoding = 4; lastKnownFileType = sourcecode.c.h; path = VLDContextSheet.h; sourceTree = "<group>"; };
		DD30F2CD1C9A862C000E32EE /* VLDContextSheet.m */ = {isa = PBXFileReference; fileEncoding = 4; lastKnownFileType = sourcecode.c.objc; path = VLDContextSheet.m; sourceTree = "<group>"; };
		DD30F2CE1C9A862C000E32EE /* VLDContextSheetItem.h */ = {isa = PBXFileReference; fileEncoding = 4; lastKnownFileType = sourcecode.c.h; path = VLDContextSheetItem.h; sourceTree = "<group>"; };
		DD30F2CF1C9A862C000E32EE /* VLDContextSheetItem.m */ = {isa = PBXFileReference; fileEncoding = 4; lastKnownFileType = sourcecode.c.objc; path = VLDContextSheetItem.m; sourceTree = "<group>"; };
		DD30F2D01C9A862C000E32EE /* VLDContextSheetItemView.h */ = {isa = PBXFileReference; fileEncoding = 4; lastKnownFileType = sourcecode.c.h; path = VLDContextSheetItemView.h; sourceTree = "<group>"; };
		DD30F2D11C9A862C000E32EE /* VLDContextSheetItemView.m */ = {isa = PBXFileReference; fileEncoding = 4; lastKnownFileType = sourcecode.c.objc; path = VLDContextSheetItemView.m; sourceTree = "<group>"; };
		DD30F2D51C9A8CC5000E32EE /* UIKit.framework */ = {isa = PBXFileReference; lastKnownFileType = wrapper.framework; name = UIKit.framework; path = System/Library/Frameworks/UIKit.framework; sourceTree = SDKROOT; };
		DD9BAA081C83FDC3004BAA2B /* TextEditViewController.h */ = {isa = PBXFileReference; fileEncoding = 4; lastKnownFileType = sourcecode.c.h; path = TextEditViewController.h; sourceTree = "<group>"; };
		DD9BAA091C83FDC3004BAA2B /* TextEditViewController.m */ = {isa = PBXFileReference; fileEncoding = 4; lastKnownFileType = sourcecode.c.objc; path = TextEditViewController.m; sourceTree = "<group>"; };
		DD9BAA0E1C8400F9004BAA2B /* RecommendPageViewController.h */ = {isa = PBXFileReference; fileEncoding = 4; lastKnownFileType = sourcecode.c.h; path = RecommendPageViewController.h; sourceTree = "<group>"; };
		DD9BAA0F1C8400F9004BAA2B /* RecommendPageViewController.m */ = {isa = PBXFileReference; fileEncoding = 4; lastKnownFileType = sourcecode.c.objc; path = RecommendPageViewController.m; sourceTree = "<group>"; };
		DDAD8CCD667C512DA7D28F18 /* Pods.release.xcconfig */ = {isa = PBXFileReference; includeInIndex = 1; lastKnownFileType = text.xcconfig; name = Pods.release.xcconfig; path = "Pods/Target Support Files/Pods/Pods.release.xcconfig"; sourceTree = "<group>"; };
/* End PBXFileReference section */

/* Begin PBXFrameworksBuildPhase section */
		DD2AE20F1C69CC1C00C8872F /* Frameworks */ = {
			isa = PBXFrameworksBuildPhase;
			buildActionMask = 2147483647;
			files = (
				DD30F2D61C9A8CC5000E32EE /* UIKit.framework in Frameworks */,
				DD30F29A1C8AA39F000E32EE /* MessageUI.framework in Frameworks */,
				DD30F2981C8AA390000E32EE /* CoreGraphics.framework in Frameworks */,
				DD30F2961C8AA37B000E32EE /* Foundation.framework in Frameworks */,
				DD30F28C1C8473BE000E32EE /* CoreData.framework in Frameworks */,
				FEE1FDA646AA59D1A41DA7A5 /* libPods.a in Frameworks */,
			);
			runOnlyForDeploymentPostprocessing = 0;
		};
		DD2AE22B1C69CC1D00C8872F /* Frameworks */ = {
			isa = PBXFrameworksBuildPhase;
			buildActionMask = 2147483647;
			files = (
			);
			runOnlyForDeploymentPostprocessing = 0;
		};
		DD2AE2361C69CC1D00C8872F /* Frameworks */ = {
			isa = PBXFrameworksBuildPhase;
			buildActionMask = 2147483647;
			files = (
			);
			runOnlyForDeploymentPostprocessing = 0;
		};
/* End PBXFrameworksBuildPhase section */

/* Begin PBXGroup section */
		8CD8D58D6861A1CA776C316A /* Frameworks */ = {
			isa = PBXGroup;
			children = (
				DD30F2D51C9A8CC5000E32EE /* UIKit.framework */,
				DD30F2991C8AA39F000E32EE /* MessageUI.framework */,
				DD30F2971C8AA390000E32EE /* CoreGraphics.framework */,
				DD30F2951C8AA37B000E32EE /* Foundation.framework */,
				DD30F28B1C8473BE000E32EE /* CoreData.framework */,
				46CC5D588E3D54AD7F9B6C1F /* libPods.a */,
			);
			name = Frameworks;
			sourceTree = "<group>";
		};
		C9D5903DD957A126538B8CDB /* Pods */ = {
			isa = PBXGroup;
			children = (
				D65EF1017F7D99DE5B98E520 /* Pods.debug.xcconfig */,
				DDAD8CCD667C512DA7D28F18 /* Pods.release.xcconfig */,
			);
			name = Pods;
			sourceTree = "<group>";
		};
		DD2AE2091C69CC1C00C8872F = {
			isa = PBXGroup;
			children = (
				DD2AE2141C69CC1C00C8872F /* TheDays */,
				DD30F2A81C8AD4A1000E32EE /* Other */,
				DD2AE2311C69CC1D00C8872F /* TheDaysTests */,
				DD2AE23C1C69CC1D00C8872F /* TheDaysUITests */,
				DD2AE2131C69CC1C00C8872F /* Products */,
				C9D5903DD957A126538B8CDB /* Pods */,
				8CD8D58D6861A1CA776C316A /* Frameworks */,
			);
			sourceTree = "<group>";
		};
		DD2AE2131C69CC1C00C8872F /* Products */ = {
			isa = PBXGroup;
			children = (
				DD2AE2121C69CC1C00C8872F /* TheDays.app */,
				DD2AE22E1C69CC1D00C8872F /* TheDaysTests.xctest */,
				DD2AE2391C69CC1D00C8872F /* TheDaysUITests.xctest */,
			);
			name = Products;
			sourceTree = "<group>";
		};
		DD2AE2141C69CC1C00C8872F /* TheDays */ = {
			isa = PBXGroup;
			children = (
				DD30F29D1C8AC4E9000E32EE /* TimeLine */,
				DD30F29E1C8AC4EB000E32EE /* TextEdit */,
				DD30F29C1C8AC4E6000E32EE /* Recommend */,
				DD30F29B1C8AC4DC000E32EE /* AboutMe */,
				DD2AE21E1C69CC1C00C8872F /* Main.storyboard */,
				DD2AE2241C69CC1C00C8872F /* Image.xcassets */,
				DD2AE2261C69CC1C00C8872F /* LaunchScreen.storyboard */,
				DD2AE2291C69CC1C00C8872F /* Info.plist */,
				DD2AE2211C69CC1C00C8872F /* TheDays.xcdatamodeld */,
				DD2AE2151C69CC1C00C8872F /* Supporting Files */,
			);
			path = TheDays;
			sourceTree = "<group>";
		};
		DD2AE2151C69CC1C00C8872F /* Supporting Files */ = {
			isa = PBXGroup;
			children = (
				DD2AE2181C69CC1C00C8872F /* AppDelegate.h */,
				DD2AE2191C69CC1C00C8872F /* AppDelegate.m */,
				DD2AE2161C69CC1C00C8872F /* main.m */,
			);
			name = "Supporting Files";
			sourceTree = "<group>";
		};
		DD2AE2311C69CC1D00C8872F /* TheDaysTests */ = {
			isa = PBXGroup;
			children = (
				DD2AE2321C69CC1D00C8872F /* TheDaysTests.m */,
				DD2AE2341C69CC1D00C8872F /* Info.plist */,
			);
			path = TheDaysTests;
			sourceTree = "<group>";
		};
		DD2AE23C1C69CC1D00C8872F /* TheDaysUITests */ = {
			isa = PBXGroup;
			children = (
				DD2AE23D1C69CC1D00C8872F /* TheDaysUITests.m */,
				DD2AE23F1C69CC1D00C8872F /* Info.plist */,
			);
			path = TheDaysUITests;
			sourceTree = "<group>";
		};
		DD30F29B1C8AC4DC000E32EE /* AboutMe */ = {
			isa = PBXGroup;
			children = (
				DD30F2921C8A9D3E000E32EE /* AboutMeViewController.h */,
				DD30F2931C8A9D3E000E32EE /* AboutMeViewController.m */,
			);
			name = AboutMe;
			sourceTree = "<group>";
		};
		DD30F29C1C8AC4E6000E32EE /* Recommend */ = {
			isa = PBXGroup;
			children = (
				DD9BAA0E1C8400F9004BAA2B /* RecommendPageViewController.h */,
				DD9BAA0F1C8400F9004BAA2B /* RecommendPageViewController.m */,
			);
			name = Recommend;
			sourceTree = "<group>";
		};
		DD30F29D1C8AC4E9000E32EE /* TimeLine */ = {
			isa = PBXGroup;
			children = (
				DD30F2B91C8C6562000E32EE /* ListTableViewController.h */,
				DD30F2BA1C8C6562000E32EE /* ListTableViewController.m */,
				DD30F2BF1C8C6892000E32EE /* TimeLineCell.h */,
				DD30F2C01C8C6892000E32EE /* TimeLineCell.m */,
			);
			name = TimeLine;
			sourceTree = "<group>";
		};
		DD30F29E1C8AC4EB000E32EE /* TextEdit */ = {
			isa = PBXGroup;
			children = (
				DD30F2CB1C9A862C000E32EE /* VLDContextSheet */,
				DD9BAA081C83FDC3004BAA2B /* TextEditViewController.h */,
				DD9BAA091C83FDC3004BAA2B /* TextEditViewController.m */,
				DD30F2BC1C8C6716000E32EE /* DiaryCoreDataStack.h */,
				DD30F2BD1C8C6716000E32EE /* DiaryCoreDataStack.m */,
				DD30F2B51C8C5943000E32EE /* DiaryEntry.h */,
				DD30F2B61C8C5943000E32EE /* DiaryEntry.m */,
			);
			name = TextEdit;
			sourceTree = "<group>";
		};
		DD30F29F1C8AD49A000E32EE /* MBProgressHUD */ = {
			isa = PBXGroup;
			children = (
				DD30F2A01C8AD49A000E32EE /* MBProgressHUD+MJ.h */,
				DD30F2A11C8AD49A000E32EE /* MBProgressHUD+MJ.m */,
				DD30F2A21C8AD49A000E32EE /* MBProgressHUD.bundle */,
				DD30F2A31C8AD49A000E32EE /* MBProgressHUD.h */,
				DD30F2A41C8AD49A000E32EE /* MBProgressHUD.m */,
			);
			path = MBProgressHUD;
			sourceTree = "<group>";
		};
		DD30F2A81C8AD4A1000E32EE /* Other */ = {
			isa = PBXGroup;
			children = (
				DD30F2A91C8AD4BB000E32EE /* Lib */,
			);
			name = Other;
			path = TheDays;
			sourceTree = "<group>";
		};
		DD30F2A91C8AD4BB000E32EE /* Lib */ = {
			isa = PBXGroup;
			children = (
				DD30F29F1C8AD49A000E32EE /* MBProgressHUD */,
			);
			name = Lib;
			sourceTree = "<group>";
		};
		DD30F2CB1C9A862C000E32EE /* VLDContextSheet */ = {
			isa = PBXGroup;
			children = (
				DD30F2CC1C9A862C000E32EE /* VLDContextSheet.h */,
				DD30F2CD1C9A862C000E32EE /* VLDContextSheet.m */,
				DD30F2CE1C9A862C000E32EE /* VLDContextSheetItem.h */,
				DD30F2CF1C9A862C000E32EE /* VLDContextSheetItem.m */,
				DD30F2D01C9A862C000E32EE /* VLDContextSheetItemView.h */,
				DD30F2D11C9A862C000E32EE /* VLDContextSheetItemView.m */,
			);
			name = VLDContextSheet;
			path = "../../../Downloads/thedaysactions/VLDContextSheet-master/VLDContextSheet";
			sourceTree = "<group>";
		};
/* End PBXGroup section */

/* Begin PBXNativeTarget section */
		DD2AE2111C69CC1C00C8872F /* TheDays */ = {
			isa = PBXNativeTarget;
			buildConfigurationList = DD2AE2421C69CC1D00C8872F /* Build configuration list for PBXNativeTarget "TheDays" */;
			buildPhases = (
				8EAD582D74ECE8744A0DCCEF /* Check Pods Manifest.lock */,
				DD2AE20E1C69CC1C00C8872F /* Sources */,
				DD2AE20F1C69CC1C00C8872F /* Frameworks */,
				DD2AE2101C69CC1C00C8872F /* Resources */,
				C3D42BB4682C8F79578861F9 /* Embed Pods Frameworks */,
				FF3E274989C0B1CD6F265C3F /* Copy Pods Resources */,
			);
			buildRules = (
			);
			dependencies = (
			);
			name = TheDays;
			productName = TheDays;
			productReference = DD2AE2121C69CC1C00C8872F /* TheDays.app */;
			productType = "com.apple.product-type.application";
		};
		DD2AE22D1C69CC1D00C8872F /* TheDaysTests */ = {
			isa = PBXNativeTarget;
			buildConfigurationList = DD2AE2451C69CC1D00C8872F /* Build configuration list for PBXNativeTarget "TheDaysTests" */;
			buildPhases = (
				DD2AE22A1C69CC1D00C8872F /* Sources */,
				DD2AE22B1C69CC1D00C8872F /* Frameworks */,
				DD2AE22C1C69CC1D00C8872F /* Resources */,
			);
			buildRules = (
			);
			dependencies = (
				DD2AE2301C69CC1D00C8872F /* PBXTargetDependency */,
			);
			name = TheDaysTests;
			productName = TheDaysTests;
			productReference = DD2AE22E1C69CC1D00C8872F /* TheDaysTests.xctest */;
			productType = "com.apple.product-type.bundle.unit-test";
		};
		DD2AE2381C69CC1D00C8872F /* TheDaysUITests */ = {
			isa = PBXNativeTarget;
			buildConfigurationList = DD2AE2481C69CC1D00C8872F /* Build configuration list for PBXNativeTarget "TheDaysUITests" */;
			buildPhases = (
				DD2AE2351C69CC1D00C8872F /* Sources */,
				DD2AE2361C69CC1D00C8872F /* Frameworks */,
				DD2AE2371C69CC1D00C8872F /* Resources */,
			);
			buildRules = (
			);
			dependencies = (
				DD2AE23B1C69CC1D00C8872F /* PBXTargetDependency */,
			);
			name = TheDaysUITests;
			productName = TheDaysUITests;
			productReference = DD2AE2391C69CC1D00C8872F /* TheDaysUITests.xctest */;
			productType = "com.apple.product-type.bundle.ui-testing";
		};
/* End PBXNativeTarget section */

/* Begin PBXProject section */
		DD2AE20A1C69CC1C00C8872F /* Project object */ = {
			isa = PBXProject;
			attributes = {
				LastUpgradeCheck = 0720;
				ORGANIZATIONNAME = nathanwty;
				TargetAttributes = {
					DD2AE2111C69CC1C00C8872F = {
						CreatedOnToolsVersion = 7.2;
					};
					DD2AE22D1C69CC1D00C8872F = {
						CreatedOnToolsVersion = 7.2;
						TestTargetID = DD2AE2111C69CC1C00C8872F;
					};
					DD2AE2381C69CC1D00C8872F = {
						CreatedOnToolsVersion = 7.2;
						TestTargetID = DD2AE2111C69CC1C00C8872F;
					};
				};
			};
			buildConfigurationList = DD2AE20D1C69CC1C00C8872F /* Build configuration list for PBXProject "TheDays" */;
			compatibilityVersion = "Xcode 3.2";
			developmentRegion = English;
			hasScannedForEncodings = 0;
			knownRegions = (
				en,
				Base,
			);
			mainGroup = DD2AE2091C69CC1C00C8872F;
			productRefGroup = DD2AE2131C69CC1C00C8872F /* Products */;
			projectDirPath = "";
			projectRoot = "";
			targets = (
				DD2AE2111C69CC1C00C8872F /* TheDays */,
				DD2AE22D1C69CC1D00C8872F /* TheDaysTests */,
				DD2AE2381C69CC1D00C8872F /* TheDaysUITests */,
			);
		};
/* End PBXProject section */

/* Begin PBXResourcesBuildPhase section */
		DD2AE2101C69CC1C00C8872F /* Resources */ = {
			isa = PBXResourcesBuildPhase;
			buildActionMask = 2147483647;
			files = (
				DD2AE2281C69CC1C00C8872F /* LaunchScreen.storyboard in Resources */,
				DD30F2A61C8AD49A000E32EE /* MBProgressHUD.bundle in Resources */,
				DD2AE2251C69CC1C00C8872F /* Image.xcassets in Resources */,
				DD2AE2201C69CC1C00C8872F /* Main.storyboard in Resources */,
			);
			runOnlyForDeploymentPostprocessing = 0;
		};
		DD2AE22C1C69CC1D00C8872F /* Resources */ = {
			isa = PBXResourcesBuildPhase;
			buildActionMask = 2147483647;
			files = (
			);
			runOnlyForDeploymentPostprocessing = 0;
		};
		DD2AE2371C69CC1D00C8872F /* Resources */ = {
			isa = PBXResourcesBuildPhase;
			buildActionMask = 2147483647;
			files = (
			);
			runOnlyForDeploymentPostprocessing = 0;
		};
/* End PBXResourcesBuildPhase section */

/* Begin PBXShellScriptBuildPhase section */
		8EAD582D74ECE8744A0DCCEF /* Check Pods Manifest.lock */ = {
			isa = PBXShellScriptBuildPhase;
			buildActionMask = 2147483647;
			files = (
			);
			inputPaths = (
			);
			name = "Check Pods Manifest.lock";
			outputPaths = (
			);
			runOnlyForDeploymentPostprocessing = 0;
			shellPath = /bin/sh;
			shellScript = "diff \"${PODS_ROOT}/../Podfile.lock\" \"${PODS_ROOT}/Manifest.lock\" > /dev/null\nif [[ $? != 0 ]] ; then\n    cat << EOM\nerror: The sandbox is not in sync with the Podfile.lock. Run 'pod install' or update your CocoaPods installation.\nEOM\n    exit 1\nfi\n";
			showEnvVarsInLog = 0;
		};
		C3D42BB4682C8F79578861F9 /* Embed Pods Frameworks */ = {
			isa = PBXShellScriptBuildPhase;
			buildActionMask = 2147483647;
			files = (
			);
			inputPaths = (
			);
			name = "Embed Pods Frameworks";
			outputPaths = (
			);
			runOnlyForDeploymentPostprocessing = 0;
			shellPath = /bin/sh;
			shellScript = "\"${SRCROOT}/Pods/Target Support Files/Pods/Pods-frameworks.sh\"\n";
			showEnvVarsInLog = 0;
		};
		FF3E274989C0B1CD6F265C3F /* Copy Pods Resources */ = {
			isa = PBXShellScriptBuildPhase;
			buildActionMask = 2147483647;
			files = (
			);
			inputPaths = (
			);
			name = "Copy Pods Resources";
			outputPaths = (
			);
			runOnlyForDeploymentPostprocessing = 0;
			shellPath = /bin/sh;
			shellScript = "\"${SRCROOT}/Pods/Target Support Files/Pods/Pods-resources.sh\"\n";
			showEnvVarsInLog = 0;
		};
/* End PBXShellScriptBuildPhase section */

/* Begin PBXSourcesBuildPhase section */
		DD2AE20E1C69CC1C00C8872F /* Sources */ = {
			isa = PBXSourcesBuildPhase;
			buildActionMask = 2147483647;
			files = (
				DD30F2BE1C8C6716000E32EE /* DiaryCoreDataStack.m in Sources */,
				DD30F2D31C9A862C000E32EE /* VLDContextSheetItem.m in Sources */,
				DD2AE21A1C69CC1C00C8872F /* AppDelegate.m in Sources */,
				DD9BAA101C8400F9004BAA2B /* RecommendPageViewController.m in Sources */,
				DD9BAA0A1C83FDC3004BAA2B /* TextEditViewController.m in Sources */,
				DD30F2A71C8AD49A000E32EE /* MBProgressHUD.m in Sources */,
				DD30F2B81C8C5943000E32EE /* DiaryEntry.m in Sources */,
				DD30F2D21C9A862C000E32EE /* VLDContextSheet.m in Sources */,
				DD30F2A51C8AD49A000E32EE /* MBProgressHUD+MJ.m in Sources */,
				DD30F2941C8A9D3E000E32EE /* AboutMeViewController.m in Sources */,
				DD30F2D41C9A862C000E32EE /* VLDContextSheetItemView.m in Sources */,
				DD2AE2231C69CC1C00C8872F /* TheDays.xcdatamodeld in Sources */,
				DD30F2C11C8C6892000E32EE /* TimeLineCell.m in Sources */,
				DD2AE2171C69CC1C00C8872F /* main.m in Sources */,
				DD30F2BB1C8C6562000E32EE /* ListTableViewController.m in Sources */,
			);
			runOnlyForDeploymentPostprocessing = 0;
		};
		DD2AE22A1C69CC1D00C8872F /* Sources */ = {
			isa = PBXSourcesBuildPhase;
			buildActionMask = 2147483647;
			files = (
				DD2AE2331C69CC1D00C8872F /* TheDaysTests.m in Sources */,
			);
			runOnlyForDeploymentPostprocessing = 0;
		};
		DD2AE2351C69CC1D00C8872F /* Sources */ = {
			isa = PBXSourcesBuildPhase;
			buildActionMask = 2147483647;
			files = (
				DD2AE23E1C69CC1D00C8872F /* TheDaysUITests.m in Sources */,
			);
			runOnlyForDeploymentPostprocessing = 0;
		};
/* End PBXSourcesBuildPhase section */

/* Begin PBXTargetDependency section */
		DD2AE2301C69CC1D00C8872F /* PBXTargetDependency */ = {
			isa = PBXTargetDependency;
			target = DD2AE2111C69CC1C00C8872F /* TheDays */;
			targetProxy = DD2AE22F1C69CC1D00C8872F /* PBXContainerItemProxy */;
		};
		DD2AE23B1C69CC1D00C8872F /* PBXTargetDependency */ = {
			isa = PBXTargetDependency;
			target = DD2AE2111C69CC1C00C8872F /* TheDays */;
			targetProxy = DD2AE23A1C69CC1D00C8872F /* PBXContainerItemProxy */;
		};
/* End PBXTargetDependency section */

/* Begin PBXVariantGroup section */
		DD2AE21E1C69CC1C00C8872F /* Main.storyboard */ = {
			isa = PBXVariantGroup;
			children = (
				DD2AE21F1C69CC1C00C8872F /* Base */,
			);
			name = Main.storyboard;
			sourceTree = "<group>";
		};
		DD2AE2261C69CC1C00C8872F /* LaunchScreen.storyboard */ = {
			isa = PBXVariantGroup;
			children = (
				DD2AE2271C69CC1C00C8872F /* Base */,
			);
			name = LaunchScreen.storyboard;
			sourceTree = "<group>";
		};
/* End PBXVariantGroup section */

/* Begin XCBuildConfiguration section */
		DD2AE2401C69CC1D00C8872F /* Debug */ = {
			isa = XCBuildConfiguration;
			buildSettings = {
				ALWAYS_SEARCH_USER_PATHS = NO;
				CLANG_CXX_LANGUAGE_STANDARD = "gnu++0x";
				CLANG_CXX_LIBRARY = "libc++";
				CLANG_ENABLE_MODULES = YES;
				CLANG_ENABLE_OBJC_ARC = YES;
				CLANG_WARN_BOOL_CONVERSION = YES;
				CLANG_WARN_CONSTANT_CONVERSION = YES;
				CLANG_WARN_DIRECT_OBJC_ISA_USAGE = YES_ERROR;
				CLANG_WARN_EMPTY_BODY = YES;
				CLANG_WARN_ENUM_CONVERSION = YES;
				CLANG_WARN_INT_CONVERSION = YES;
				CLANG_WARN_OBJC_ROOT_CLASS = YES_ERROR;
				CLANG_WARN_UNREACHABLE_CODE = YES;
				CLANG_WARN__DUPLICATE_METHOD_MATCH = YES;
				"CODE_SIGN_IDENTITY[sdk=iphoneos*]" = "iPhone Developer";
				COPY_PHASE_STRIP = NO;
				DEBUG_INFORMATION_FORMAT = dwarf;
				ENABLE_STRICT_OBJC_MSGSEND = YES;
				ENABLE_TESTABILITY = YES;
				GCC_C_LANGUAGE_STANDARD = gnu99;
				GCC_DYNAMIC_NO_PIC = NO;
				GCC_NO_COMMON_BLOCKS = YES;
				GCC_OPTIMIZATION_LEVEL = 0;
				GCC_PREPROCESSOR_DEFINITIONS = (
					"DEBUG=1",
					"$(inherited)",
				);
				GCC_WARN_64_TO_32_BIT_CONVERSION = YES;
				GCC_WARN_ABOUT_RETURN_TYPE = YES_ERROR;
				GCC_WARN_UNDECLARED_SELECTOR = YES;
				GCC_WARN_UNINITIALIZED_AUTOS = YES_AGGRESSIVE;
				GCC_WARN_UNUSED_FUNCTION = YES;
				GCC_WARN_UNUSED_VARIABLE = YES;
				IPHONEOS_DEPLOYMENT_TARGET = 8.0;
				MTL_ENABLE_DEBUG_INFO = YES;
				ONLY_ACTIVE_ARCH = YES;
				SDKROOT = iphoneos;
			};
			name = Debug;
		};
		DD2AE2411C69CC1D00C8872F /* Release */ = {
			isa = XCBuildConfiguration;
			buildSettings = {
				ALWAYS_SEARCH_USER_PATHS = NO;
				CLANG_CXX_LANGUAGE_STANDARD = "gnu++0x";
				CLANG_CXX_LIBRARY = "libc++";
				CLANG_ENABLE_MODULES = YES;
				CLANG_ENABLE_OBJC_ARC = YES;
				CLANG_WARN_BOOL_CONVERSION = YES;
				CLANG_WARN_CONSTANT_CONVERSION = YES;
				CLANG_WARN_DIRECT_OBJC_ISA_USAGE = YES_ERROR;
				CLANG_WARN_EMPTY_BODY = YES;
				CLANG_WARN_ENUM_CONVERSION = YES;
				CLANG_WARN_INT_CONVERSION = YES;
				CLANG_WARN_OBJC_ROOT_CLASS = YES_ERROR;
				CLANG_WARN_UNREACHABLE_CODE = YES;
				CLANG_WARN__DUPLICATE_METHOD_MATCH = YES;
				"CODE_SIGN_IDENTITY[sdk=iphoneos*]" = "iPhone Developer";
				COPY_PHASE_STRIP = NO;
				DEBUG_INFORMATION_FORMAT = "dwarf-with-dsym";
				ENABLE_NS_ASSERTIONS = NO;
				ENABLE_STRICT_OBJC_MSGSEND = YES;
				GCC_C_LANGUAGE_STANDARD = gnu99;
				GCC_NO_COMMON_BLOCKS = YES;
				GCC_WARN_64_TO_32_BIT_CONVERSION = YES;
				GCC_WARN_ABOUT_RETURN_TYPE = YES_ERROR;
				GCC_WARN_UNDECLARED_SELECTOR = YES;
				GCC_WARN_UNINITIALIZED_AUTOS = YES_AGGRESSIVE;
				GCC_WARN_UNUSED_FUNCTION = YES;
				GCC_WARN_UNUSED_VARIABLE = YES;
				IPHONEOS_DEPLOYMENT_TARGET = 8.0;
				MTL_ENABLE_DEBUG_INFO = NO;
				SDKROOT = iphoneos;
				VALIDATE_PRODUCT = YES;
			};
			name = Release;
		};
		DD2AE2431C69CC1D00C8872F /* Debug */ = {
			isa = XCBuildConfiguration;
			baseConfigurationReference = D65EF1017F7D99DE5B98E520 /* Pods.debug.xcconfig */;
			buildSettings = {
				ASSETCATALOG_COMPILER_APPICON_NAME = AppIcon;
				INFOPLIST_FILE = TheDays/Info.plist;
				LD_RUNPATH_SEARCH_PATHS = "$(inherited) @executable_path/Frameworks";
				PRODUCT_BUNDLE_IDENTIFIER = edu.zjgsu.TheDays;
				PRODUCT_NAME = "$(TARGET_NAME)";
			};
			name = Debug;
		};
		DD2AE2441C69CC1D00C8872F /* Release */ = {
			isa = XCBuildConfiguration;
			baseConfigurationReference = DDAD8CCD667C512DA7D28F18 /* Pods.release.xcconfig */;
			buildSettings = {
				ASSETCATALOG_COMPILER_APPICON_NAME = AppIcon;
				INFOPLIST_FILE = TheDays/Info.plist;
				LD_RUNPATH_SEARCH_PATHS = "$(inherited) @executable_path/Frameworks";
				PRODUCT_BUNDLE_IDENTIFIER = edu.zjgsu.TheDays;
				PRODUCT_NAME = "$(TARGET_NAME)";
			};
			name = Release;
		};
		DD2AE2461C69CC1D00C8872F /* Debug */ = {
			isa = XCBuildConfiguration;
			buildSettings = {
				BUNDLE_LOADER = "$(TEST_HOST)";
				INFOPLIST_FILE = TheDaysTests/Info.plist;
				LD_RUNPATH_SEARCH_PATHS = "$(inherited) @executable_path/Frameworks @loader_path/Frameworks";
				PRODUCT_BUNDLE_IDENTIFIER = edu.zjgsu.TheDaysTests;
				PRODUCT_NAME = "$(TARGET_NAME)";
				TEST_HOST = "$(BUILT_PRODUCTS_DIR)/TheDays.app/TheDays";
			};
			name = Debug;
		};
		DD2AE2471C69CC1D00C8872F /* Release */ = {
			isa = XCBuildConfiguration;
			buildSettings = {
				BUNDLE_LOADER = "$(TEST_HOST)";
				INFOPLIST_FILE = TheDaysTests/Info.plist;
				LD_RUNPATH_SEARCH_PATHS = "$(inherited) @executable_path/Frameworks @loader_path/Frameworks";
				PRODUCT_BUNDLE_IDENTIFIER = edu.zjgsu.TheDaysTests;
				PRODUCT_NAME = "$(TARGET_NAME)";
				TEST_HOST = "$(BUILT_PRODUCTS_DIR)/TheDays.app/TheDays";
			};
			name = Release;
		};
		DD2AE2491C69CC1D00C8872F /* Debug */ = {
			isa = XCBuildConfiguration;
			buildSettings = {
				INFOPLIST_FILE = TheDaysUITests/Info.plist;
				LD_RUNPATH_SEARCH_PATHS = "$(inherited) @executable_path/Frameworks @loader_path/Frameworks";
				PRODUCT_BUNDLE_IDENTIFIER = edu.zjgsu.TheDaysUITests;
				PRODUCT_NAME = "$(TARGET_NAME)";
				TEST_TARGET_NAME = TheDays;
				USES_XCTRUNNER = YES;
			};
			name = Debug;
		};
		DD2AE24A1C69CC1D00C8872F /* Release */ = {
			isa = XCBuildConfiguration;
			buildSettings = {
				INFOPLIST_FILE = TheDaysUITests/Info.plist;
				LD_RUNPATH_SEARCH_PATHS = "$(inherited) @executable_path/Frameworks @loader_path/Frameworks";
				PRODUCT_BUNDLE_IDENTIFIER = edu.zjgsu.TheDaysUITests;
				PRODUCT_NAME = "$(TARGET_NAME)";
				TEST_TARGET_NAME = TheDays;
				USES_XCTRUNNER = YES;
			};
			name = Release;
		};
/* End XCBuildConfiguration section */

/* Begin XCConfigurationList section */
		DD2AE20D1C69CC1C00C8872F /* Build configuration list for PBXProject "TheDays" */ = {
			isa = XCConfigurationList;
			buildConfigurations = (
				DD2AE2401C69CC1D00C8872F /* Debug */,
				DD2AE2411C69CC1D00C8872F /* Release */,
			);
			defaultConfigurationIsVisible = 0;
			defaultConfigurationName = Release;
		};
		DD2AE2421C69CC1D00C8872F /* Build configuration list for PBXNativeTarget "TheDays" */ = {
			isa = XCConfigurationList;
			buildConfigurations = (
				DD2AE2431C69CC1D00C8872F /* Debug */,
				DD2AE2441C69CC1D00C8872F /* Release */,
			);
			defaultConfigurationIsVisible = 0;
			defaultConfigurationName = Release;
		};
		DD2AE2451C69CC1D00C8872F /* Build configuration list for PBXNativeTarget "TheDaysTests" */ = {
			isa = XCConfigurationList;
			buildConfigurations = (
				DD2AE2461C69CC1D00C8872F /* Debug */,
				DD2AE2471C69CC1D00C8872F /* Release */,
			);
			defaultConfigurationIsVisible = 0;
			defaultConfigurationName = Release;
		};
		DD2AE2481C69CC1D00C8872F /* Build configuration list for PBXNativeTarget "TheDaysUITests" */ = {
			isa = XCConfigurationList;
			buildConfigurations = (
				DD2AE2491C69CC1D00C8872F /* Debug */,
				DD2AE24A1C69CC1D00C8872F /* Release */,
			);
			defaultConfigurationIsVisible = 0;
			defaultConfigurationName = Release;
		};
/* End XCConfigurationList section */

/* Begin XCVersionGroup section */
		DD2AE2211C69CC1C00C8872F /* TheDays.xcdatamodeld */ = {
			isa = XCVersionGroup;
			children = (
				DD2AE2221C69CC1C00C8872F /* TheDays.xcdatamodel */,
			);
			currentVersion = DD2AE2221C69CC1C00C8872F /* TheDays.xcdatamodel */;
			path = TheDays.xcdatamodeld;
			sourceTree = "<group>";
			versionGroupType = wrapper.xcdatamodel;
		};
/* End XCVersionGroup section */
	};
	rootObject = DD2AE20A1C69CC1C00C8872F /* Project object */;
}
